hash: e844ab034c1426c22f1165df3bb571cfe56f99215f5d0f8b6f6ec33e348d3536
updated: 2019-10-08T00:26:23.201191-04:00
imports:
- name: github.com/allegro/bigcache
  version: baaa21686666424b386f282d68fc1d23594ab38d
  subpackages:
  - queue
- name: github.com/aristanetworks/goarista
  version: ed1100a1c0154be237da0078e86b19c523c8c661
  subpackages:
  - monotime
- name: github.com/btcsuite/btcd
  version: 4063feeff79a0da1b08cc857e89d4602e91a294c
  subpackages:
  - btcec
  - btcjson
  - chaincfg
  - chaincfg/chainhash
  - rpcclient
  - wire
- name: github.com/btcsuite/btclog
  version: 84c8d2346e9fc8c7b947e243b9c24e6df9fd206a
- name: github.com/btcsuite/btcutil
  version: 9e5f4b9a998d263e3ce9c56664a7816001ac8000
  subpackages:
  - base58
  - bech32
- name: github.com/btcsuite/go-socks
  version: 4720035b7bfd2a9bb130b1c184f8bbe41b6f0d0f
  subpackages:
  - socks
- name: github.com/btcsuite/websocket
  version: 31079b6807923eb23992c421b114992b95131b55
- name: github.com/deckarep/golang-set
  version: 699df6a3acf6867538e50931511e9dc403da108a
- name: github.com/dgrijalva/jwt-go
  version: 06ea1031745cb8b3dab3f6a236daf2b0aa468b7e
- name: github.com/elastic/gosigar
  version: cd0724355811a9fbc473732c9218496c4a27abe9
  subpackages:
  - sys/windows
- name: github.com/ethereum/go-ethereum
  version: a73f3f45183a347864a1c941930d6f26c6f06ac2
  subpackages:
  - accounts/abi
  - common
  - common/hexutil
  - common/math
  - common/mclock
  - common/prque
  - core/types
  - crypto
  - crypto/secp256k1
  - ethclient
  - ethdb
  - log
  - metrics
  - p2p/netutil
  - params
  - rlp
  - rpc
  - trie
- name: github.com/fsnotify/fsnotify
  version: ab058b44498e8b7566a799372a39d150d9ea0119
- name: github.com/gin-contrib/sse
  version: 54d8467d122d380a14768b6b4e5cd7ca4755938f
- name: github.com/gin-gonic/gin
  version: b75d67cd51eb53c3c3a2fc406524c940021ffbda
  subpackages:
  - binding
  - internal/json
  - render
- name: github.com/go-stack/stack
  version: 2fee6af1a9795aafbe0253a0cfbdf668e1fb8a9a
- name: github.com/gogo/protobuf
  version: 69adf3ecd52d1754cc42d7464c449e50d4b79521
  subpackages:
  - proto
- name: github.com/golang/protobuf
  version: 4c88cc3f1a34ffade77b79abc53335d1e511f25b
  subpackages:
  - proto
- name: github.com/google/logger
  version: 03bdf7bcb2c4d98c8fdbf62f1473fb1303ca1c1d
- name: github.com/gorilla/websocket
  version: 66b9c49e59c6c48f0ffce28c2d8b8a5678502c6d
- name: github.com/hashicorp/hcl
  version: 5ef25cc8e679070cb61d5d33813645ad59a9d50e
  subpackages:
  - hcl/ast
  - hcl/parser
  - hcl/printer
  - hcl/scanner
  - hcl/strconv
  - hcl/token
  - json/parser
  - json/scanner
  - json/token
- name: github.com/inconshreveable/mousetrap
  version: 76626ae9c91c4f2a10f34cad8ce83ea42c93bb75
- name: github.com/ipfs/go-ipfs-api
  version: 436b4c0bac0fd4f04707a7278326785048331c29
  subpackages:
  - options
- name: github.com/ipfs/go-ipfs-files
  version: 96cf7c9133bdbb405d41143ced9a6161df08cc90
- name: github.com/jinzhu/gorm
  version: 81c17a7e2529c59efc4e74c5b32c1fb71fb12fa2
- name: github.com/jinzhu/inflection
  version: f5c5f50e6090ae76a29240b61ae2a90dd810112e
- name: github.com/json-iterator/go
  version: 27518f6661eba504be5a7a9a9f6d9460d892ade3
- name: github.com/kthomas/go-logger
  version: 01c36065851341304751234b081327cf58728dba
- name: github.com/kthomas/go.uuid
  version: 28d1fa77e9a4efcba826a2a6c8f5a9ff6cea44a6
- name: github.com/libp2p/go-flow-metrics
  version: b1aae8c25b4822de58289e6af21362f93753fa23
- name: github.com/libp2p/go-libp2p-core
  version: 2f75277a8d7b0ee88bd7e9458d054c448f29ec34
  subpackages:
  - crypto
  - crypto/pb
  - metrics
  - peer
  - protocol
- name: github.com/libp2p/go-libp2p-crypto
  version: ddb6d72b5ad0ae81bf1ee77b628eac1d7237536a
- name: github.com/libp2p/go-libp2p-metrics
  version: 2551ab4747111d6c216a06d963c575cebdfd5c9f
- name: github.com/libp2p/go-libp2p-peer
  version: 62676d8fb785a8fc279878cbe8e03b878f005910
- name: github.com/libp2p/go-openssl
  version: 1934e456a08650fa43aefb673eb660b7cac8c0b4
  subpackages:
  - utils
- name: github.com/magiconair/properties
  version: de8848e004dd33dc07a2947b3d76f618a7fc7ef1
- name: github.com/mattn/go-isatty
  version: da60ac76bf7019a8b005f8dd1ad9d1a0e6434155
- name: github.com/minio/blake2b-simd
  version: 3f5f724cb5b182a5c278d6d3d55b40e7f8c2efb4
- name: github.com/minio/sha256-simd
  version: f675151bb5e19dc10d7430bd9d4ef5e7d1b5521f
- name: github.com/mitchellh/go-homedir
  version: af06845cf3004701891bf4fdb884bfe4920b3727
- name: github.com/mitchellh/mapstructure
  version: 3536a929edddb9a5b34bd6861dc4a9647cb459fe
- name: github.com/modern-go/concurrent
  version: bacd9c7ef1dd9b15be4a9909b8ac7a4e313eec94
- name: github.com/modern-go/reflect2
  version: 94122c33edd36123c84d5368cfb2b69df93a0ec8
- name: github.com/mr-tron/base58
  version: d504ab2e22d97cb9f10b1d146a1e6a063f4a5f43
  subpackages:
  - base58
- name: github.com/multiformats/go-multiaddr
  version: f96df18bf0c217c77f6cc0f9e810a178cea12f38
- name: github.com/multiformats/go-multiaddr-net
  version: c9acf9f27c5020e78925937dc3de142d2d393cd1
- name: github.com/multiformats/go-multihash
  version: 249ead2008065c476a2ee45e8e75e8b85d846a72
- name: github.com/pelletier/go-toml
  version: 8fe62057ea2d46ce44254c98e84e810044dbe197
- name: github.com/pkg/errors
  version: 27936f6d90f9c8e1145f11ed52ffffbfdb9e0af7
- name: github.com/provideservices/provide-go
  version: 28fed84c32d449e5a1e5c03db3376f1f7016fc94
- name: github.com/rs/cors
  version: db0fe48135e83b5812a5a31be0eea66984b1b521
- name: github.com/spacemonkeygo/spacelog
  version: 2296661a0572a51438413369004fa931c2641923
- name: github.com/spaolacci/murmur3
  version: 539464a789e9b9f01bc857458ffe2c5c1a2ed382
- name: github.com/spf13/afero
  version: 588a75ec4f32903aa5e39a2619ba6a4631e28424
  subpackages:
  - mem
- name: github.com/spf13/cast
  version: c01685bb8421cecb276fa517e91f757215f980b3
- name: github.com/spf13/cobra
  version: c022f6fabd6ec400cb7227be78bc651d9423be35
- name: github.com/spf13/jwalterweatherman
  version: 94f6ae3ed3bceceafa716478c5fbf8d29ca601a1
- name: github.com/spf13/pflag
  version: 2e9d26c8c37aae03e3f9d4e90b7116f5accb7cab
- name: github.com/spf13/viper
  version: 71509d28871fd3eeda5f56fb097e65d318c578d6
- name: github.com/steakknife/bloomfilter
  version: 6819c0d2a57025e1700378ee59b7382d71987f14
- name: github.com/steakknife/hamming
  version: c99c65617cd3d686aea8365fe563d6542f01d940
- name: github.com/subosito/gotenv
  version: de67a6614a4de71ad5e380b6946e56ab957d58c5
- name: github.com/ugorji/go
  version: e118e2d506a6b252f6b85f2e2f2ac1bfed82f1b8
  subpackages:
  - codec
- name: github.com/vincent-petithory/dataurl
  version: 9a301d65acbb728fcc3ace14f45f511a4cfeea9c
- name: github.com/whyrusleeping/tar-utils
  version: 8c6c8ba81d5c71fd69c0f48dbde4b2fb422b6dfc
- name: go.opencensus.io
  version: fa651b05963cfb6060755dc887e7d156ba66e792
  subpackages:
  - internal/tagencoding
  - metric/metricdata
  - metric/metricproducer
  - resource
  - stats
  - stats/internal
  - stats/view
  - tag
- name: golang.org/x/crypto
  version: 4def268fd1a49955bfb3dda92fe3db4f924f2285
  subpackages:
  - blake2s
  - ed25519
  - ed25519/internal/edwards25519
  - pbkdf2
  - ripemd160
  - scrypt
  - sha3
  - ssh/terminal
- name: golang.org/x/sys
  version: 04f50cda93cbb67f2afa353c52f342100e80e625
  subpackages:
  - cpu
  - unix
  - windows
  - windows/registry
  - windows/svc/eventlog
- name: golang.org/x/text
  version: 3d0f7978add91030e5e8976ff65ccdd828286cba
  subpackages:
  - transform
  - unicode/norm
- name: gopkg.in/go-playground/validator.v8
  version: 5f1438d3fca68893a817e4a66806cea46a9e4ebf
- name: gopkg.in/natefinch/npipe.v2
  version: c1b8fa8bdccecb0b8db834ee0b92fdbcfa606dd6
- name: gopkg.in/yaml.v2
  version: 51d6538a90f86fe93ac480b35f37b2be17fef232
testImports: []
